{
  "name": "aks-set-context-action",
  "version": "0.0.0",
  "lockfileVersion": 1,
  "requires": true,
  "dependencies": {
    "@actions/core": {
      "version": "1.2.6",
      "resolved": "https://registry.npmjs.org/@actions/core/-/core-1.2.6.tgz",
      "integrity": "sha512-ZQYitnqiyBc3D+k7LsgSBmMDVkOVidaagDG7j3fOym77jNunWRuYx7VSHa9GNfFZh+zh61xsCjRj4JxMZlDqTA=="
    },
    "@azure-actions/auth": {
      "version": "0.0.1",
      "resolved": "https://registry.npmjs.org/@azure-actions/auth/-/auth-0.0.1.tgz",
      "integrity": "sha512-DtKwaKiCR9tGjuW0vC0TnDsJ+Eob1y4Gvy6tPMnc763OQuLlnvNB7EMXyIa3jdiGstjxMbNrkrg7tKpmkcGZ9w==",
      "requires": {
        "@azure-actions/utilities": "0.0.1",
        "querystring": "0.2.1"
      }
    },
    "@azure-actions/utilities": {
      "version": "0.0.1",
      "resolved": "https://registry.npmjs.org/@azure-actions/utilities/-/utilities-0.0.1.tgz",
      "integrity": "sha512-pARO7J1D0D2g8dx28vRrZjWgZwoSSr9nIVoiAhRTL8c7Zvna8Kk23rCVDNf5aeQtiIB2SXP92Zjdpuw57keB4w==",
      "requires": {
        "@actions/core": "1.2.6",
        "typed-rest-client": "1.8.1"
      },
      "dependencies": {
        "tunnel": {
          "version": "0.0.6",
          "resolved": "https://registry.npmjs.org/tunnel/-/tunnel-0.0.6.tgz",
          "integrity": "sha512-1h/Lnq9yajKY2PEbBadPXj3VxsDDu844OnaAo52UVmIzIvwwtBPIuNvkjuzBlTWpfJyUbG3ez0KSBibQkj4ojg=="
        },
        "typed-rest-client": {
          "version": "1.8.1",
          "resolved": "https://registry.npmjs.org/typed-rest-client/-/typed-rest-client-1.8.1.tgz",
          "integrity": "sha512-7JbJFBZZuu3G64u6ksklN1xtVGfqBKiR5MQoTe5oLTi68OyB6pRuuIQCllfK/BdGjQtZYp62rgUOnEYDz4e9Xg==",
          "requires": {
            "qs": "^6.9.1",
            "tunnel": "0.0.6",
            "underscore": "1.8.3"
          }
        }
      }
    },
    "@types/node": {
      "version": "12.7.4",
      "resolved": "https://registry.npmjs.org/@types/node/-/node-12.7.4.tgz",
      "integrity": "sha512-W0+n1Y+gK/8G2P/piTkBBN38Qc5Q1ZSO6B5H3QmPCUewaiXOo2GCAWZ4ElZCcNhjJuBSUSLGFUJnmlCn5+nxOQ==",
      "dev": true
    },
    "qs": {
      "version": "6.9.6",
      "resolved": "https://registry.npmjs.org/qs/-/qs-6.9.6.tgz",
      "integrity": "sha512-TIRk4aqYLNoJUbd+g2lEdz5kLWIuTMRagAXxl78Q0RiVjAOugHmeKNGdd3cwo/ktpf9aL9epCfFqWDEKysUlLQ=="
    },
    "querystring": {
      "version": "0.2.1",
      "resolved": "https://registry.npmjs.org/querystring/-/querystring-0.2.1.tgz",
      "integrity": "sha512-wkvS7mL/JMugcup3/rMitHmd9ecIGd2lhFhK9N3UUQ450h66d1r3Y9nvXzQAW1Lq+wyx61k/1pfKS5KuKiyEbg=="
    },
    "underscore": {
      "version": "1.8.3",
      "resolved": "https://registry.npmjs.org/underscore/-/underscore-1.8.3.tgz",
      "integrity": "sha1-Tz+1OxBuYJf8+ctBCfKl6b36UCI="
    }
  }
}
